// !$*UTF8*$!
{
	archiveVersion = 1;
	classes = {
	};
	objectVersion = 55;
	objects = {

/* Begin PBXBuildFile section */
		5C18D09527FE1F890029E3DC /* MenuController.swift in Sources */ = {isa = PBXBuildFile; fileRef = 5C18D09427FE1F890029E3DC /* MenuController.swift */; };
		5C18D09727FE1FD30029E3DC /* HomeViewController.swift in Sources */ = {isa = PBXBuildFile; fileRef = 5C18D09627FE1FD30029E3DC /* HomeViewController.swift */; };
		5C18D09927FE2B470029E3DC /* LocationManager.swift in Sources */ = {isa = PBXBuildFile; fileRef = 5C18D09827FE2B470029E3DC /* LocationManager.swift */; };
		5C333DF427FF396F00A3B1B1 /* MapViewController.swift in Sources */ = {isa = PBXBuildFile; fileRef = 5C333DF327FF396F00A3B1B1 /* MapViewController.swift */; };
		5C333DF827FF766C00A3B1B1 /* ScanViewController.swift in Sources */ = {isa = PBXBuildFile; fileRef = 5C333DF727FF766C00A3B1B1 /* ScanViewController.swift */; };
		5C333DFD27FF845300A3B1B1 /* AnimationViewController.swift in Sources */ = {isa = PBXBuildFile; fileRef = 5C333DFC27FF845300A3B1B1 /* AnimationViewController.swift */; };
		5CA836E527FDA10D0079CF24 /* AppDelegate.swift in Sources */ = {isa = PBXBuildFile; fileRef = 5CA836E427FDA10D0079CF24 /* AppDelegate.swift */; };
		5CA836E727FDA10D0079CF24 /* SceneDelegate.swift in Sources */ = {isa = PBXBuildFile; fileRef = 5CA836E627FDA10D0079CF24 /* SceneDelegate.swift */; };
		5CA836EC27FDA10D0079CF24 /* Main.storyboard in Resources */ = {isa = PBXBuildFile; fileRef = 5CA836EA27FDA10D0079CF24 /* Main.storyboard */; };
		5CA836EE27FDA1100079CF24 /* Assets.xcassets in Resources */ = {isa = PBXBuildFile; fileRef = 5CA836ED27FDA1100079CF24 /* Assets.xcassets */; };
		5CA836F127FDA1100079CF24 /* LaunchScreen.storyboard in Resources */ = {isa = PBXBuildFile; fileRef = 5CA836EF27FDA1100079CF24 /* LaunchScreen.storyboard */; };
		5CA836FC27FDA1100079CF24 /* InterviewCaseTests.swift in Sources */ = {isa = PBXBuildFile; fileRef = 5CA836FB27FDA1100079CF24 /* InterviewCaseTests.swift */; };
		5CA8370627FDA1100079CF24 /* InterviewCaseUITests.swift in Sources */ = {isa = PBXBuildFile; fileRef = 5CA8370527FDA1100079CF24 /* InterviewCaseUITests.swift */; };
		5CA8370827FDA1100079CF24 /* InterviewCaseUITestsLaunchTests.swift in Sources */ = {isa = PBXBuildFile; fileRef = 5CA8370727FDA1100079CF24 /* InterviewCaseUITestsLaunchTests.swift */; };
/* End PBXBuildFile section */

/* Begin PBXContainerItemProxy section */
		5CA836F827FDA1100079CF24 /* PBXContainerItemProxy */ = {
			isa = PBXContainerItemProxy;
			containerPortal = 5CA836D927FDA10D0079CF24 /* Project object */;
			proxyType = 1;
			remoteGlobalIDString = 5CA836E027FDA10D0079CF24;
			remoteInfo = InterviewCase;
		};
		5CA8370227FDA1100079CF24 /* PBXContainerItemProxy */ = {
			isa = PBXContainerItemProxy;
			containerPortal = 5CA836D927FDA10D0079CF24 /* Project object */;
			proxyType = 1;
			remoteGlobalIDString = 5CA836E027FDA10D0079CF24;
			remoteInfo = InterviewCase;
		};
/* End PBXContainerItemProxy section */

/* Begin PBXFileReference section */
		5C18D09427FE1F890029E3DC /* MenuController.swift */ = {isa = PBXFileReference; lastKnownFileType = sourcecode.swift; path = MenuController.swift; sourceTree = "<group>"; };
		5C18D09627FE1FD30029E3DC /* HomeViewController.swift */ = {isa = PBXFileReference; lastKnownFileType = sourcecode.swift; path = HomeViewController.swift; sourceTree = "<group>"; };
		5C18D09827FE2B470029E3DC /* LocationManager.swift */ = {isa = PBXFileReference; lastKnownFileType = sourcecode.swift; path = LocationManager.swift; sourceTree = "<group>"; };
		5C333DF327FF396F00A3B1B1 /* MapViewController.swift */ = {isa = PBXFileReference; lastKnownFileType = sourcecode.swift; path = MapViewController.swift; sourceTree = "<group>"; };
		5C333DF727FF766C00A3B1B1 /* ScanViewController.swift */ = {isa = PBXFileReference; lastKnownFileType = sourcecode.swift; path = ScanViewController.swift; sourceTree = "<group>"; };
		5C333DFC27FF845300A3B1B1 /* AnimationViewController.swift */ = {isa = PBXFileReference; lastKnownFileType = sourcecode.swift; path = AnimationViewController.swift; sourceTree = "<group>"; };
		5CA836E127FDA10D0079CF24 /* InterviewCase.app */ = {isa = PBXFileReference; explicitFileType = wrapper.application; includeInIndex = 0; path = InterviewCase.app; sourceTree = BUILT_PRODUCTS_DIR; };
		5CA836E427FDA10D0079CF24 /* AppDelegate.swift */ = {isa = PBXFileReference; lastKnownFileType = sourcecode.swift; path = AppDelegate.swift; sourceTree = "<group>"; };
		5CA836E627FDA10D0079CF24 /* SceneDelegate.swift */ = {isa = PBXFileReference; lastKnownFileType = sourcecode.swift; path = SceneDelegate.swift; sourceTree = "<group>"; };
		5CA836EB27FDA10D0079CF24 /* Base */ = {isa = PBXFileReference; lastKnownFileType = file.storyboard; name = Base; path = Base.lproj/Main.storyboard; sourceTree = "<group>"; };
		5CA836ED27FDA1100079CF24 /* Assets.xcassets */ = {isa = PBXFileReference; lastKnownFileType = folder.assetcatalog; path = Assets.xcassets; sourceTree = "<group>"; };
		5CA836F027FDA1100079CF24 /* Base */ = {isa = PBXFileReference; lastKnownFileType = file.storyboard; name = Base; path = Base.lproj/LaunchScreen.storyboard; sourceTree = "<group>"; };
		5CA836F227FDA1100079CF24 /* Info.plist */ = {isa = PBXFileReference; lastKnownFileType = text.plist.xml; path = Info.plist; sourceTree = "<group>"; };
		5CA836F727FDA1100079CF24 /* InterviewCaseTests.xctest */ = {isa = PBXFileReference; explicitFileType = wrapper.cfbundle; includeInIndex = 0; path = InterviewCaseTests.xctest; sourceTree = BUILT_PRODUCTS_DIR; };
		5CA836FB27FDA1100079CF24 /* InterviewCaseTests.swift */ = {isa = PBXFileReference; lastKnownFileType = sourcecode.swift; path = InterviewCaseTests.swift; sourceTree = "<group>"; };
		5CA8370127FDA1100079CF24 /* InterviewCaseUITests.xctest */ = {isa = PBXFileReference; explicitFileType = wrapper.cfbundle; includeInIndex = 0; path = InterviewCaseUITests.xctest; sourceTree = BUILT_PRODUCTS_DIR; };
		5CA8370527FDA1100079CF24 /* InterviewCaseUITests.swift */ = {isa = PBXFileReference; lastKnownFileType = sourcecode.swift; path = InterviewCaseUITests.swift; sourceTree = "<group>"; };
		5CA8370727FDA1100079CF24 /* InterviewCaseUITestsLaunchTests.swift */ = {isa = PBXFileReference; lastKnownFileType = sourcecode.swift; path = InterviewCaseUITestsLaunchTests.swift; sourceTree = "<group>"; };
/* End PBXFileReference section */

/* Begin PBXFrameworksBuildPhase section */
		5CA836DE27FDA10D0079CF24 /* Frameworks */ = {
			isa = PBXFrameworksBuildPhase;
			buildActionMask = 2147483647;
			files = (
			);
			runOnlyForDeploymentPostprocessing = 0;
		};
		5CA836F427FDA1100079CF24 /* Frameworks */ = {
			isa = PBXFrameworksBuildPhase;
			buildActionMask = 2147483647;
			files = (
			);
			runOnlyForDeploymentPostprocessing = 0;
		};
		5CA836FE27FDA1100079CF24 /* Frameworks */ = {
			isa = PBXFrameworksBuildPhase;
			buildActionMask = 2147483647;
			files = (
			);
			runOnlyForDeploymentPostprocessing = 0;
		};
/* End PBXFrameworksBuildPhase section */

/* Begin PBXGroup section */
		5C333DF927FF83C300A3B1B1 /* Resources */ = {
			isa = PBXGroup;
			children = (
				5CA836E627FDA10D0079CF24 /* SceneDelegate.swift */,
				5CA836E427FDA10D0079CF24 /* AppDelegate.swift */,
				5CA836ED27FDA1100079CF24 /* Assets.xcassets */,
				5CA836EF27FDA1100079CF24 /* LaunchScreen.storyboard */,
				5CA836EA27FDA10D0079CF24 /* Main.storyboard */,
				5CA836F227FDA1100079CF24 /* Info.plist */,
			);
			path = Resources;
			sourceTree = "<group>";
		};
		5C333DFA27FF840D00A3B1B1 /* Manager */ = {
			isa = PBXGroup;
			children = (
				5C18D09827FE2B470029E3DC /* LocationManager.swift */,
			);
			path = Manager;
			sourceTree = "<group>";
		};
		5C333DFB27FF841B00A3B1B1 /* Screens */ = {
			isa = PBXGroup;
			children = (
				5C18D09427FE1F890029E3DC /* MenuController.swift */,
				5C18D09627FE1FD30029E3DC /* HomeViewController.swift */,
				5C333DF327FF396F00A3B1B1 /* MapViewController.swift */,
				5C333DF727FF766C00A3B1B1 /* ScanViewController.swift */,
				5C333DFC27FF845300A3B1B1 /* AnimationViewController.swift */,
			);
			path = Screens;
			sourceTree = "<group>";
		};
		5CA836D827FDA10D0079CF24 = {
			isa = PBXGroup;
			children = (
				5CA836E327FDA10D0079CF24 /* InterviewCase */,
				5CA836FA27FDA1100079CF24 /* InterviewCaseTests */,
				5CA8370427FDA1100079CF24 /* InterviewCaseUITests */,
				5CA836E227FDA10D0079CF24 /* Products */,
			);
			sourceTree = "<group>";
		};
		5CA836E227FDA10D0079CF24 /* Products */ = {
			isa = PBXGroup;
			children = (
				5CA836E127FDA10D0079CF24 /* InterviewCase.app */,
				5CA836F727FDA1100079CF24 /* InterviewCaseTests.xctest */,
				5CA8370127FDA1100079CF24 /* InterviewCaseUITests.xctest */,
			);
			name = Products;
			sourceTree = "<group>";
		};
		5CA836E327FDA10D0079CF24 /* InterviewCase */ = {
			isa = PBXGroup;
			children = (
				5C333DFA27FF840D00A3B1B1 /* Manager */,
				5C333DFB27FF841B00A3B1B1 /* Screens */,
				5C333DF927FF83C300A3B1B1 /* Resources */,
			);
			path = InterviewCase;
			sourceTree = "<group>";
		};
		5CA836FA27FDA1100079CF24 /* InterviewCaseTests */ = {
			isa = PBXGroup;
			children = (
				5CA836FB27FDA1100079CF24 /* InterviewCaseTests.swift */,
			);
			path = InterviewCaseTests;
			sourceTree = "<group>";
		};
		5CA8370427FDA1100079CF24 /* InterviewCaseUITests */ = {
			isa = PBXGroup;
			children = (
				5CA8370527FDA1100079CF24 /* InterviewCaseUITests.swift */,
				5CA8370727FDA1100079CF24 /* InterviewCaseUITestsLaunchTests.swift */,
			);
			path = InterviewCaseUITests;
			sourceTree = "<group>";
		};
/* End PBXGroup section */

/* Begin PBXNativeTarget section */
		5CA836E027FDA10D0079CF24 /* InterviewCase */ = {
			isa = PBXNativeTarget;
			buildConfigurationList = 5CA8370B27FDA1100079CF24 /* Build configuration list for PBXNativeTarget "InterviewCase" */;
			buildPhases = (
				5CA836DD27FDA10D0079CF24 /* Sources */,
				5CA836DE27FDA10D0079CF24 /* Frameworks */,
				5CA836DF27FDA10D0079CF24 /* Resources */,
			);
			buildRules = (
			);
			dependencies = (
			);
			name = InterviewCase;
			productName = InterviewCase;
			productReference = 5CA836E127FDA10D0079CF24 /* InterviewCase.app */;
			productType = "com.apple.product-type.application";
		};
		5CA836F627FDA1100079CF24 /* InterviewCaseTests */ = {
			isa = PBXNativeTarget;
			buildConfigurationList = 5CA8370E27FDA1100079CF24 /* Build configuration list for PBXNativeTarget "InterviewCaseTests" */;
			buildPhases = (
				5CA836F327FDA1100079CF24 /* Sources */,
				5CA836F427FDA1100079CF24 /* Frameworks */,
				5CA836F527FDA1100079CF24 /* Resources */,
			);
			buildRules = (
			);
			dependencies = (
				5CA836F927FDA1100079CF24 /* PBXTargetDependency */,
			);
			name = InterviewCaseTests;
			productName = InterviewCaseTests;
			productReference = 5CA836F727FDA1100079CF24 /* InterviewCaseTests.xctest */;
			productType = "com.apple.product-type.bundle.unit-test";
		};
		5CA8370027FDA1100079CF24 /* InterviewCaseUITests */ = {
			isa = PBXNativeTarget;
			buildConfigurationList = 5CA8371127FDA1100079CF24 /* Build configuration list for PBXNativeTarget "InterviewCaseUITests" */;
			buildPhases = (
				5CA836FD27FDA1100079CF24 /* Sources */,
				5CA836FE27FDA1100079CF24 /* Frameworks */,
				5CA836FF27FDA1100079CF24 /* Resources */,
			);
			buildRules = (
			);
			dependencies = (
				5CA8370327FDA1100079CF24 /* PBXTargetDependency */,
			);
			name = InterviewCaseUITests;
			productName = InterviewCaseUITests;
			productReference = 5CA8370127FDA1100079CF24 /* InterviewCaseUITests.xctest */;
			productType = "com.apple.product-type.bundle.ui-testing";
		};
/* End PBXNativeTarget section */

/* Begin PBXProject section */
		5CA836D927FDA10D0079CF24 /* Project object */ = {
			isa = PBXProject;
			attributes = {
				BuildIndependentTargetsInParallel = 1;
				LastSwiftUpdateCheck = 1330;
				LastUpgradeCheck = 1330;
				TargetAttributes = {
					5CA836E027FDA10D0079CF24 = {
						CreatedOnToolsVersion = 13.3;
					};
					5CA836F627FDA1100079CF24 = {
						CreatedOnToolsVersion = 13.3;
						TestTargetID = 5CA836E027FDA10D0079CF24;
					};
					5CA8370027FDA1100079CF24 = {
						CreatedOnToolsVersion = 13.3;
						TestTargetID = 5CA836E027FDA10D0079CF24;
					};
				};
			};
			buildConfigurationList = 5CA836DC27FDA10D0079CF24 /* Build configuration list for PBXProject "InterviewCase" */;
			compatibilityVersion = "Xcode 13.0";
			developmentRegion = en;
			hasScannedForEncodings = 0;
			knownRegions = (
				en,
				Base,
			);
			mainGroup = 5CA836D827FDA10D0079CF24;
			productRefGroup = 5CA836E227FDA10D0079CF24 /* Products */;
			projectDirPath = "";
			projectRoot = "";
			targets = (
				5CA836E027FDA10D0079CF24 /* InterviewCase */,
				5CA836F627FDA1100079CF24 /* InterviewCaseTests */,
				5CA8370027FDA1100079CF24 /* InterviewCaseUITests */,
			);
		};
/* End PBXProject section */

/* Begin PBXResourcesBuildPhase section */
		5CA836DF27FDA10D0079CF24 /* Resources */ = {
			isa = PBXResourcesBuildPhase;
			buildActionMask = 2147483647;
			files = (
				5CA836F127FDA1100079CF24 /* LaunchScreen.storyboard in Resources */,
				5CA836EE27FDA1100079CF24 /* Assets.xcassets in Resources */,
				5CA836EC27FDA10D0079CF24 /* Main.storyboard in Resources */,
			);
			runOnlyForDeploymentPostprocessing = 0;
		};
		5CA836F527FDA1100079CF24 /* Resources */ = {
			isa = PBXResourcesBuildPhase;
			buildActionMask = 2147483647;
			files = (
			);
			runOnlyForDeploymentPostprocessing = 0;
		};
		5CA836FF27FDA1100079CF24 /* Resources */ = {
			isa = PBXResourcesBuildPhase;
			buildActionMask = 2147483647;
			files = (
			);
			runOnlyForDeploymentPostprocessing = 0;
		};
/* End PBXResourcesBuildPhase section */

/* Begin PBXSourcesBuildPhase section */
		5CA836DD27FDA10D0079CF24 /* Sources */ = {
			isa = PBXSourcesBuildPhase;
			buildActionMask = 2147483647;
			files = (
				5C18D09527FE1F890029E3DC /* MenuController.swift in Sources */,
				5C333DF827FF766C00A3B1B1 /* ScanViewController.swift in Sources */,
				5CA836E527FDA10D0079CF24 /* AppDelegate.swift in Sources */,
				5C333DF427FF396F00A3B1B1 /* MapViewController.swift in Sources */,
				5C18D09927FE2B470029E3DC /* LocationManager.swift in Sources */,
				5CA836E727FDA10D0079CF24 /* SceneDelegate.swift in Sources */,
				5C18D09727FE1FD30029E3DC /* HomeViewController.swift in Sources */,
				5C333DFD27FF845300A3B1B1 /* AnimationViewController.swift in Sources */,
			);
			runOnlyForDeploymentPostprocessing = 0;
		};
		5CA836F327FDA1100079CF24 /* Sources */ = {
			isa = PBXSourcesBuildPhase;
			buildActionMask = 2147483647;
			files = (
				5CA836FC27FDA1100079CF24 /* InterviewCaseTests.swift in Sources */,
			);
			runOnlyForDeploymentPostprocessing = 0;
		};
		5CA836FD27FDA1100079CF24 /* Sources */ = {
			isa = PBXSourcesBuildPhase;
			buildActionMask = 2147483647;
			files = (
				5CA8370827FDA1100079CF24 /* InterviewCaseUITestsLaunchTests.swift in Sources */,
				5CA8370627FDA1100079CF24 /* InterviewCaseUITests.swift in Sources */,
			);
			runOnlyForDeploymentPostprocessing = 0;
		};
/* End PBXSourcesBuildPhase section */

/* Begin PBXTargetDependency section */
		5CA836F927FDA1100079CF24 /* PBXTargetDependency */ = {
			isa = PBXTargetDependency;
			target = 5CA836E027FDA10D0079CF24 /* InterviewCase */;
			targetProxy = 5CA836F827FDA1100079CF24 /* PBXContainerItemProxy */;
		};
		5CA8370327FDA1100079CF24 /* PBXTargetDependency */ = {
			isa = PBXTargetDependency;
			target = 5CA836E027FDA10D0079CF24 /* InterviewCase */;
			targetProxy = 5CA8370227FDA1100079CF24 /* PBXContainerItemProxy */;
		};
/* End PBXTargetDependency section */

/* Begin PBXVariantGroup section */
		5CA836EA27FDA10D0079CF24 /* Main.storyboard */ = {
			isa = PBXVariantGroup;
			children = (
				5CA836EB27FDA10D0079CF24 /* Base */,
			);
			name = Main.storyboard;
			sourceTree = "<group>";
		};
		5CA836EF27FDA1100079CF24 /* LaunchScreen.storyboard */ = {
			isa = PBXVariantGroup;
			children = (
				5CA836F027FDA1100079CF24 /* Base */,
			);
			name = LaunchScreen.storyboard;
			sourceTree = "<group>";
		};
/* End PBXVariantGroup section */

/* Begin XCBuildConfiguration section */
		5CA8370927FDA1100079CF24 /* Debug */ = {
			isa = XCBuildConfiguration;
			buildSettings = {
				ALWAYS_SEARCH_USER_PATHS = NO;
				CLANG_ANALYZER_NONNULL = YES;
				CLANG_ANALYZER_NUMBER_OBJECT_CONVERSION = YES_AGGRESSIVE;
				CLANG_CXX_LANGUAGE_STANDARD = "gnu++17";
				CLANG_ENABLE_MODULES = YES;
				CLANG_ENABLE_OBJC_ARC = YES;
				CLANG_ENABLE_OBJC_WEAK = YES;
				CLANG_WARN_BLOCK_CAPTURE_AUTORELEASING = YES;
				CLANG_WARN_BOOL_CONVERSION = YES;
				CLANG_WARN_COMMA = YES;
				CLANG_WARN_CONSTANT_CONVERSION = YES;
				CLANG_WARN_DEPRECATED_OBJC_IMPLEMENTATIONS = YES;
				CLANG_WARN_DIRECT_OBJC_ISA_USAGE = YES_ERROR;
				CLANG_WARN_DOCUMENTATION_COMMENTS = YES;
				CLANG_WARN_EMPTY_BODY = YES;
				CLANG_WARN_ENUM_CONVERSION = YES;
				CLANG_WARN_INFINITE_RECURSION = YES;
				CLANG_WARN_INT_CONVERSION = YES;
				CLANG_WARN_NON_LITERAL_NULL_CONVERSION = YES;
				CLANG_WARN_OBJC_IMPLICIT_RETAIN_SELF = YES;
				CLANG_WARN_OBJC_LITERAL_CONVERSION = YES;
				CLANG_WARN_OBJC_ROOT_CLASS = YES_ERROR;
				CLANG_WARN_QUOTED_INCLUDE_IN_FRAMEWORK_HEADER = YES;
				CLANG_WARN_RANGE_LOOP_ANALYSIS = YES;
				CLANG_WARN_STRICT_PROTOTYPES = YES;
				CLANG_WARN_SUSPICIOUS_MOVE = YES;
				CLANG_WARN_UNGUARDED_AVAILABILITY = YES_AGGRESSIVE;
				CLANG_WARN_UNREACHABLE_CODE = YES;
				CLANG_WARN__DUPLICATE_METHOD_MATCH = YES;
				COPY_PHASE_STRIP = NO;
				DEBUG_INFORMATION_FORMAT = dwarf;
				ENABLE_STRICT_OBJC_MSGSEND = YES;
				ENABLE_TESTABILITY = YES;
				GCC_C_LANGUAGE_STANDARD = gnu11;
				GCC_DYNAMIC_NO_PIC = NO;
				GCC_NO_COMMON_BLOCKS = YES;
				GCC_OPTIMIZATION_LEVEL = 0;
				GCC_PREPROCESSOR_DEFINITIONS = (
					"DEBUG=1",
					"$(inherited)",
				);
				GCC_WARN_64_TO_32_BIT_CONVERSION = YES;
				GCC_WARN_ABOUT_RETURN_TYPE = YES_ERROR;
				GCC_WARN_UNDECLARED_SELECTOR = YES;
				GCC_WARN_UNINITIALIZED_AUTOS = YES_AGGRESSIVE;
				GCC_WARN_UNUSED_FUNCTION = YES;
				GCC_WARN_UNUSED_VARIABLE = YES;
				IPHONEOS_DEPLOYMENT_TARGET = 15.4;
				MTL_ENABLE_DEBUG_INFO = INCLUDE_SOURCE;
				MTL_FAST_MATH = YES;
				ONLY_ACTIVE_ARCH = YES;
				SDKROOT = iphoneos;
				SWIFT_ACTIVE_COMPILATION_CONDITIONS = DEBUG;
				SWIFT_OPTIMIZATION_LEVEL = "-Onone";
			};
			name = Debug;
		};
		5CA8370A27FDA1100079CF24 /* Release */ = {
			isa = XCBuildConfiguration;
			buildSettings = {
				ALWAYS_SEARCH_USER_PATHS = NO;
				CLANG_ANALYZER_NONNULL = YES;
				CLANG_ANALYZER_NUMBER_OBJECT_CONVERSION = YES_AGGRESSIVE;
				CLANG_CXX_LANGUAGE_STANDARD = "gnu++17";
				CLANG_ENABLE_MODULES = YES;
				CLANG_ENABLE_OBJC_ARC = YES;
				CLANG_ENABLE_OBJC_WEAK = YES;
				CLANG_WARN_BLOCK_CAPTURE_AUTORELEASING = YES;
				CLANG_WARN_BOOL_CONVERSION = YES;
				CLANG_WARN_COMMA = YES;
				CLANG_WARN_CONSTANT_CONVERSION = YES;
				CLANG_WARN_DEPRECATED_OBJC_IMPLEMENTATIONS = YES;
				CLANG_WARN_DIRECT_OBJC_ISA_USAGE = YES_ERROR;
				CLANG_WARN_DOCUMENTATION_COMMENTS = YES;
				CLANG_WARN_EMPTY_BODY = YES;
				CLANG_WARN_ENUM_CONVERSION = YES;
				CLANG_WARN_INFINITE_RECURSION = YES;
				CLANG_WARN_INT_CONVERSION = YES;
				CLANG_WARN_NON_LITERAL_NULL_CONVERSION = YES;
				CLANG_WARN_OBJC_IMPLICIT_RETAIN_SELF = YES;
				CLANG_WARN_OBJC_LITERAL_CONVERSION = YES;
				CLANG_WARN_OBJC_ROOT_CLASS = YES_ERROR;
				CLANG_WARN_QUOTED_INCLUDE_IN_FRAMEWORK_HEADER = YES;
				CLANG_WARN_RANGE_LOOP_ANALYSIS = YES;
				CLANG_WARN_STRICT_PROTOTYPES = YES;
				CLANG_WARN_SUSPICIOUS_MOVE = YES;
				CLANG_WARN_UNGUARDED_AVAILABILITY = YES_AGGRESSIVE;
				CLANG_WARN_UNREACHABLE_CODE = YES;
				CLANG_WARN__DUPLICATE_METHOD_MATCH = YES;
				COPY_PHASE_STRIP = NO;
				DEBUG_INFORMATION_FORMAT = "dwarf-with-dsym";
				ENABLE_NS_ASSERTIONS = NO;
				ENABLE_STRICT_OBJC_MSGSEND = YES;
				GCC_C_LANGUAGE_STANDARD = gnu11;
				GCC_NO_COMMON_BLOCKS = YES;
				GCC_WARN_64_TO_32_BIT_CONVERSION = YES;
				GCC_WARN_ABOUT_RETURN_TYPE = YES_ERROR;
				GCC_WARN_UNDECLARED_SELECTOR = YES;
				GCC_WARN_UNINITIALIZED_AUTOS = YES_AGGRESSIVE;
				GCC_WARN_UNUSED_FUNCTION = YES;
				GCC_WARN_UNUSED_VARIABLE = YES;
				IPHONEOS_DEPLOYMENT_TARGET = 15.4;
				MTL_ENABLE_DEBUG_INFO = NO;
				MTL_FAST_MATH = YES;
				SDKROOT = iphoneos;
				SWIFT_COMPILATION_MODE = wholemodule;
				SWIFT_OPTIMIZATION_LEVEL = "-O";
				VALIDATE_PRODUCT = YES;
			};
			name = Release;
		};
		5CA8370C27FDA1100079CF24 /* Debug */ = {
			isa = XCBuildConfiguration;
			buildSettings = {
				ASSETCATALOG_COMPILER_APPICON_NAME = AppIcon;
				ASSETCATALOG_COMPILER_GLOBAL_ACCENT_COLOR_NAME = AccentColor;
				CODE_SIGN_STYLE = Automatic;
				CURRENT_PROJECT_VERSION = 1;
				DEVELOPMENT_TEAM = JJ46445L4P;
				GENERATE_INFOPLIST_FILE = YES;
				INFOPLIST_FILE = InterviewCase/Resources/Info.plist;
				INFOPLIST_KEY_UIApplicationSupportsIndirectInputEvents = YES;
				INFOPLIST_KEY_UILaunchStoryboardName = LaunchScreen;
				INFOPLIST_KEY_UIMainStoryboardFile = Main;
				INFOPLIST_KEY_UISupportedInterfaceOrientations_iPad = "UIInterfaceOrientationPortrait UIInterfaceOrientationPortraitUpsideDown UIInterfaceOrientationLandscapeLeft UIInterfaceOrientationLandscapeRight";
				INFOPLIST_KEY_UISupportedInterfaceOrientations_iPhone = "UIInterfaceOrientationPortrait UIInterfaceOrientationLandscapeLeft UIInterfaceOrientationLandscapeRight";
				IPHONEOS_DEPLOYMENT_TARGET = 15.0;
				LD_RUNPATH_SEARCH_PATHS = (
					"$(inherited)",
					"@executable_path/Frameworks",
				);
				MARKETING_VERSION = 1.0;
				PRODUCT_BUNDLE_IDENTIFIER = com.mcokelez.InterviewCase;
				PRODUCT_NAME = "$(TARGET_NAME)";
				SWIFT_EMIT_LOC_STRINGS = YES;
				SWIFT_VERSION = 5.0;
				TARGETED_DEVICE_FAMILY = "1,2";
			};
			name = Debug;
		};
		5CA8370D27FDA1100079CF24 /* Release */ = {
			isa = XCBuildConfiguration;
			buildSettings = {
				ASSETCATALOG_COMPILER_APPICON_NAME = AppIcon;
				ASSETCATALOG_COMPILER_GLOBAL_ACCENT_COLOR_NAME = AccentColor;
				CODE_SIGN_STYLE = Automatic;
				CURRENT_PROJECT_VERSION = 1;
				DEVELOPMENT_TEAM = JJ46445L4P;
				GENERATE_INFOPLIST_FILE = YES;
				INFOPLIST_FILE = InterviewCase/Resources/Info.plist;
				INFOPLIST_KEY_UIApplicationSupportsIndirectInputEvents = YES;
				INFOPLIST_KEY_UILaunchStoryboardName = LaunchScreen;
				INFOPLIST_KEY_UIMainStoryboardFile = Main;
				INFOPLIST_KEY_UISupportedInterfaceOrientations_iPad = "UIInterfaceOrientationPortrait UIInterfaceOrientationPortraitUpsideDown UIInterfaceOrientationLandscapeLeft UIInterfaceOrientationLandscapeRight";
				INFOPLIST_KEY_UISupportedInterfaceOrientations_iPhone = "UIInterfaceOrientationPortrait UIInterfaceOrientationLandscapeLeft UIInterfaceOrientationLandscapeRight";
				IPHONEOS_DEPLOYMENT_TARGET = 15.0;
				LD_RUNPATH_SEARCH_PATHS = (
					"$(inherited)",
					"@executable_path/Frameworks",
				);
				MARKETING_VERSION = 1.0;
				PRODUCT_BUNDLE_IDENTIFIER = com.mcokelez.InterviewCase;
				PRODUCT_NAME = "$(TARGET_NAME)";
				SWIFT_EMIT_LOC_STRINGS = YES;
				SWIFT_VERSION = 5.0;
				TARGETED_DEVICE_FAMILY = "1,2";
			};
			name = Release;
		};
		5CA8370F27FDA1100079CF24 /* Debug */ = {
			isa = XCBuildConfiguration;
			buildSettings = {
				ALWAYS_EMBED_SWIFT_STANDARD_LIBRARIES = YES;
				BUNDLE_LOADER = "$(TEST_HOST)";
				CODE_SIGN_STYLE = Automatic;
				CURRENT_PROJECT_VERSION = 1;
				DEVELOPMENT_TEAM = JJ46445L4P;
				GENERATE_INFOPLIST_FILE = YES;
				IPHONEOS_DEPLOYMENT_TARGET = 15.4;
				MARKETING_VERSION = 1.0;
				PRODUCT_BUNDLE_IDENTIFIER = com.mcokelez.InterviewCaseTests;
				PRODUCT_NAME = "$(TARGET_NAME)";
				SWIFT_EMIT_LOC_STRINGS = NO;
				SWIFT_VERSION = 5.0;
				TARGETED_DEVICE_FAMILY = "1,2";
				TEST_HOST = "$(BUILT_PRODUCTS_DIR)/InterviewCase.app/InterviewCase";
			};
			name = Debug;
		};
		5CA8371027FDA1100079CF24 /* Release */ = {
			isa = XCBuildConfiguration;
			buildSettings = {
				ALWAYS_EMBED_SWIFT_STANDARD_LIBRARIES = YES;
				BUNDLE_LOADER = "$(TEST_HOST)";
				CODE_SIGN_STYLE = Automatic;
				CURRENT_PROJECT_VERSION = 1;
				DEVELOPMENT_TEAM = JJ46445L4P;
				GENERATE_INFOPLIST_FILE = YES;
				IPHONEOS_DEPLOYMENT_TARGET = 15.4;
				MARKETING_VERSION = 1.0;
				PRODUCT_BUNDLE_IDENTIFIER = com.mcokelez.InterviewCaseTests;
				PRODUCT_NAME = "$(TARGET_NAME)";
				SWIFT_EMIT_LOC_STRINGS = NO;
				SWIFT_VERSION = 5.0;
				TARGETED_DEVICE_FAMILY = "1,2";
				TEST_HOST = "$(BUILT_PRODUCTS_DIR)/InterviewCase.app/InterviewCase";
			};
			name = Release;
		};
		5CA8371227FDA1100079CF24 /* Debug */ = {
			isa = XCBuildConfiguration;
			buildSettings = {
				ALWAYS_EMBED_SWIFT_STANDARD_LIBRARIES = YES;
				CODE_SIGN_STYLE = Automatic;
				CURRENT_PROJECT_VERSION = 1;
				DEVELOPMENT_TEAM = JJ46445L4P;
				GENERATE_INFOPLIST_FILE = YES;
				MARKETING_VERSION = 1.0;
				PRODUCT_BUNDLE_IDENTIFIER = com.mcokelez.InterviewCaseUITests;
				PRODUCT_NAME = "$(TARGET_NAME)";
				SWIFT_EMIT_LOC_STRINGS = NO;
				SWIFT_VERSION = 5.0;
				TARGETED_DEVICE_FAMILY = "1,2";
				TEST_TARGET_NAME = InterviewCase;
			};
			name = Debug;
		};
		5CA8371327FDA1100079CF24 /* Release */ = {
			isa = XCBuildConfiguration;
			buildSettings = {
				ALWAYS_EMBED_SWIFT_STANDARD_LIBRARIES = YES;
				CODE_SIGN_STYLE = Automatic;
				CURRENT_PROJECT_VERSION = 1;
				DEVELOPMENT_TEAM = JJ46445L4P;
				GENERATE_INFOPLIST_FILE = YES;
				MARKETING_VERSION = 1.0;
				PRODUCT_BUNDLE_IDENTIFIER = com.mcokelez.InterviewCaseUITests;
				PRODUCT_NAME = "$(TARGET_NAME)";
				SWIFT_EMIT_LOC_STRINGS = NO;
				SWIFT_VERSION = 5.0;
				TARGETED_DEVICE_FAMILY = "1,2";
				TEST_TARGET_NAME = InterviewCase;
			};
			name = Release;
		};
/* End XCBuildConfiguration section */

/* Begin XCConfigurationList section */
		5CA836DC27FDA10D0079CF24 /* Build configuration list for PBXProject "InterviewCase" */ = {
			isa = XCConfigurationList;
			buildConfigurations = (
				5CA8370927FDA1100079CF24 /* Debug */,
				5CA8370A27FDA1100079CF24 /* Release */,
			);
			defaultConfigurationIsVisible = 0;
			defaultConfigurationName = Release;
		};
		5CA8370B27FDA1100079CF24 /* Build configuration list for PBXNativeTarget "InterviewCase" */ = {
			isa = XCConfigurationList;
			buildConfigurations = (
				5CA8370C27FDA1100079CF24 /* Debug */,
				5CA8370D27FDA1100079CF24 /* Release */,
			);
			defaultConfigurationIsVisible = 0;
			defaultConfigurationName = Release;
		};
		5CA8370E27FDA1100079CF24 /* Build configuration list for PBXNativeTarget "InterviewCaseTests" */ = {
			isa = XCConfigurationList;
			buildConfigurations = (
				5CA8370F27FDA1100079CF24 /* Debug */,
				5CA8371027FDA1100079CF24 /* Release */,
			);
			defaultConfigurationIsVisible = 0;
			defaultConfigurationName = Release;
		};
		5CA8371127FDA1100079CF24 /* Build configuration list for PBXNativeTarget "InterviewCaseUITests" */ = {
			isa = XCConfigurationList;
			buildConfigurations = (
				5CA8371227FDA1100079CF24 /* Debug */,
				5CA8371327FDA1100079CF24 /* Release */,
			);
			defaultConfigurationIsVisible = 0;
			defaultConfigurationName = Release;
		};
/* End XCConfigurationList section */
	};
	rootObject = 5CA836D927FDA10D0079CF24 /* Project object */;
}
